// !$*UTF8*$!
{
	archiveVersion = 1;
	classes = {
	};
	objectVersion = 46;
	objects = {

/* Begin PBXBuildFile section */
		64116B001C58C06D0073228E /* HXTextMessageCell.m in Sources */ = {isa = PBXBuildFile; fileRef = 64116AFE1C58C06D0073228E /* HXTextMessageCell.m */; };
		64116B011C58C06D0073228E /* HXTextMessageCell.xib in Resources */ = {isa = PBXBuildFile; fileRef = 64116AFF1C58C06D0073228E /* HXTextMessageCell.xib */; };
		64116B051C58C0980073228E /* HXIconMessageCell.m in Sources */ = {isa = PBXBuildFile; fileRef = 64116B031C58C0980073228E /* HXIconMessageCell.m */; };
		64116B061C58C0980073228E /* HXIconMessageCell.xib in Resources */ = {isa = PBXBuildFile; fileRef = 64116B041C58C0980073228E /* HXIconMessageCell.xib */; };
		64116B091C58CECB0073228E /* NSDictionary+PGDic.m in Sources */ = {isa = PBXBuildFile; fileRef = 64116B081C58CECB0073228E /* NSDictionary+PGDic.m */; };
		64116B0D1C58DADE0073228E /* HXTextMessageCell2.m in Sources */ = {isa = PBXBuildFile; fileRef = 64116B0B1C58DADE0073228E /* HXTextMessageCell2.m */; };
		64116B0E1C58DADE0073228E /* HXTextMessageCell2.xib in Resources */ = {isa = PBXBuildFile; fileRef = 64116B0C1C58DADE0073228E /* HXTextMessageCell2.xib */; };
		644EF9921C587574007A64EE /* MobileCoreServices.framework in Frameworks */ = {isa = PBXBuildFile; fileRef = 644EF9911C587574007A64EE /* MobileCoreServices.framework */; };
		644EF9941C587580007A64EE /* CFNetwork.framework in Frameworks */ = {isa = PBXBuildFile; fileRef = 644EF9931C587580007A64EE /* CFNetwork.framework */; };
		6466396E1C586D9E00FA55F0 /* main.m in Sources */ = {isa = PBXBuildFile; fileRef = 6466396D1C586D9E00FA55F0 /* main.m */; };
		646639711C586D9E00FA55F0 /* AppDelegate.m in Sources */ = {isa = PBXBuildFile; fileRef = 646639701C586D9E00FA55F0 /* AppDelegate.m */; };
		646639741C586D9E00FA55F0 /* ViewController.m in Sources */ = {isa = PBXBuildFile; fileRef = 646639731C586D9E00FA55F0 /* ViewController.m */; };
		646639771C586D9E00FA55F0 /* Main.storyboard in Resources */ = {isa = PBXBuildFile; fileRef = 646639751C586D9E00FA55F0 /* Main.storyboard */; };
		646639791C586D9E00FA55F0 /* Assets.xcassets in Resources */ = {isa = PBXBuildFile; fileRef = 646639781C586D9E00FA55F0 /* Assets.xcassets */; };
		6466397C1C586D9E00FA55F0 /* LaunchScreen.storyboard in Resources */ = {isa = PBXBuildFile; fileRef = 6466397A1C586D9E00FA55F0 /* LaunchScreen.storyboard */; };
		646639871C586D9E00FA55F0 /* HuanXinDemoTests.m in Sources */ = {isa = PBXBuildFile; fileRef = 646639861C586D9E00FA55F0 /* HuanXinDemoTests.m */; };
		646639921C586D9E00FA55F0 /* HuanXinDemoUITests.m in Sources */ = {isa = PBXBuildFile; fileRef = 646639911C586D9E00FA55F0 /* HuanXinDemoUITests.m */; };
		6467FDCE1C7595A400F78A79 /* MyChatViewController.m in Sources */ = {isa = PBXBuildFile; fileRef = 6467FDCC1C7595A400F78A79 /* MyChatViewController.m */; };
		6467FDCF1C7595A400F78A79 /* MyChatViewController.xib in Resources */ = {isa = PBXBuildFile; fileRef = 6467FDCD1C7595A400F78A79 /* MyChatViewController.xib */; };
		6467FDD21C75B8B800F78A79 /* MyTableView.m in Sources */ = {isa = PBXBuildFile; fileRef = 6467FDD11C75B8B800F78A79 /* MyTableView.m */; };
		64DC9ACF1C5C5E7E0014FDD6 /* NavigationController.m in Sources */ = {isa = PBXBuildFile; fileRef = 64DC9ACE1C5C5E7E0014FDD6 /* NavigationController.m */; };
		DE7D2D087FDD2A0BDFE8903F /* libPods.a in Frameworks */ = {isa = PBXBuildFile; fileRef = 7E5780CABF77C9337A9917A2 /* libPods.a */; };
/* End PBXBuildFile section */

/* Begin PBXContainerItemProxy section */
		646639831C586D9E00FA55F0 /* PBXContainerItemProxy */ = {
			isa = PBXContainerItemProxy;
			containerPortal = 646639611C586D9E00FA55F0 /* Project object */;
			proxyType = 1;
			remoteGlobalIDString = 646639681C586D9E00FA55F0;
			remoteInfo = HuanXinDemo;
		};
		6466398E1C586D9E00FA55F0 /* PBXContainerItemProxy */ = {
			isa = PBXContainerItemProxy;
			containerPortal = 646639611C586D9E00FA55F0 /* Project object */;
			proxyType = 1;
			remoteGlobalIDString = 646639681C586D9E00FA55F0;
			remoteInfo = HuanXinDemo;
		};
/* End PBXContainerItemProxy section */

/* Begin PBXFileReference section */
		36A5E8A8114E9FC031FAA621 /* Pods.debug.xcconfig */ = {isa = PBXFileReference; includeInIndex = 1; lastKnownFileType = text.xcconfig; name = Pods.debug.xcconfig; path = "Pods/Target Support Files/Pods/Pods.debug.xcconfig"; sourceTree = "<group>"; };
		64116AFD1C58C06D0073228E /* HXTextMessageCell.h */ = {isa = PBXFileReference; fileEncoding = 4; lastKnownFileType = sourcecode.c.h; path = HXTextMessageCell.h; sourceTree = "<group>"; };
		64116AFE1C58C06D0073228E /* HXTextMessageCell.m */ = {isa = PBXFileReference; fileEncoding = 4; lastKnownFileType = sourcecode.c.objc; path = HXTextMessageCell.m; sourceTree = "<group>"; };
		64116AFF1C58C06D0073228E /* HXTextMessageCell.xib */ = {isa = PBXFileReference; fileEncoding = 4; lastKnownFileType = file.xib; path = HXTextMessageCell.xib; sourceTree = "<group>"; };
		64116B021C58C0980073228E /* HXIconMessageCell.h */ = {isa = PBXFileReference; fileEncoding = 4; lastKnownFileType = sourcecode.c.h; path = HXIconMessageCell.h; sourceTree = "<group>"; };
		64116B031C58C0980073228E /* HXIconMessageCell.m */ = {isa = PBXFileReference; fileEncoding = 4; lastKnownFileType = sourcecode.c.objc; path = HXIconMessageCell.m; sourceTree = "<group>"; };
		64116B041C58C0980073228E /* HXIconMessageCell.xib */ = {isa = PBXFileReference; fileEncoding = 4; lastKnownFileType = file.xib; path = HXIconMessageCell.xib; sourceTree = "<group>"; };
		64116B071C58CECB0073228E /* NSDictionary+PGDic.h */ = {isa = PBXFileReference; fileEncoding = 4; lastKnownFileType = sourcecode.c.h; path = "NSDictionary+PGDic.h"; sourceTree = "<group>"; };
		64116B081C58CECB0073228E /* NSDictionary+PGDic.m */ = {isa = PBXFileReference; fileEncoding = 4; lastKnownFileType = sourcecode.c.objc; path = "NSDictionary+PGDic.m"; sourceTree = "<group>"; };
		64116B0A1C58DADE0073228E /* HXTextMessageCell2.h */ = {isa = PBXFileReference; fileEncoding = 4; lastKnownFileType = sourcecode.c.h; path = HXTextMessageCell2.h; sourceTree = "<group>"; };
		64116B0B1C58DADE0073228E /* HXTextMessageCell2.m */ = {isa = PBXFileReference; fileEncoding = 4; lastKnownFileType = sourcecode.c.objc; path = HXTextMessageCell2.m; sourceTree = "<group>"; };
		64116B0C1C58DADE0073228E /* HXTextMessageCell2.xib */ = {isa = PBXFileReference; fileEncoding = 4; lastKnownFileType = file.xib; path = HXTextMessageCell2.xib; sourceTree = "<group>"; };
		644EF9911C587574007A64EE /* MobileCoreServices.framework */ = {isa = PBXFileReference; lastKnownFileType = wrapper.framework; name = MobileCoreServices.framework; path = System/Library/Frameworks/MobileCoreServices.framework; sourceTree = SDKROOT; };
		644EF9931C587580007A64EE /* CFNetwork.framework */ = {isa = PBXFileReference; lastKnownFileType = wrapper.framework; name = CFNetwork.framework; path = System/Library/Frameworks/CFNetwork.framework; sourceTree = SDKROOT; };
		646639691C586D9E00FA55F0 /* HuanXinDemo.app */ = {isa = PBXFileReference; explicitFileType = wrapper.application; includeInIndex = 0; path = HuanXinDemo.app; sourceTree = BUILT_PRODUCTS_DIR; };
		6466396D1C586D9E00FA55F0 /* main.m */ = {isa = PBXFileReference; lastKnownFileType = sourcecode.c.objc; path = main.m; sourceTree = "<group>"; };
		6466396F1C586D9E00FA55F0 /* AppDelegate.h */ = {isa = PBXFileReference; lastKnownFileType = sourcecode.c.h; path = AppDelegate.h; sourceTree = "<group>"; };
		646639701C586D9E00FA55F0 /* AppDelegate.m */ = {isa = PBXFileReference; lastKnownFileType = sourcecode.c.objc; path = AppDelegate.m; sourceTree = "<group>"; };
		646639721C586D9E00FA55F0 /* ViewController.h */ = {isa = PBXFileReference; lastKnownFileType = sourcecode.c.h; path = ViewController.h; sourceTree = "<group>"; };
		646639731C586D9E00FA55F0 /* ViewController.m */ = {isa = PBXFileReference; lastKnownFileType = sourcecode.c.objc; path = ViewController.m; sourceTree = "<group>"; };
		646639761C586D9E00FA55F0 /* Base */ = {isa = PBXFileReference; lastKnownFileType = file.storyboard; name = Base; path = Base.lproj/Main.storyboard; sourceTree = "<group>"; };
		646639781C586D9E00FA55F0 /* Assets.xcassets */ = {isa = PBXFileReference; lastKnownFileType = folder.assetcatalog; path = Assets.xcassets; sourceTree = "<group>"; };
		6466397B1C586D9E00FA55F0 /* Base */ = {isa = PBXFileReference; lastKnownFileType = file.storyboard; name = Base; path = Base.lproj/LaunchScreen.storyboard; sourceTree = "<group>"; };
		6466397D1C586D9E00FA55F0 /* Info.plist */ = {isa = PBXFileReference; lastKnownFileType = text.plist.xml; path = Info.plist; sourceTree = "<group>"; };
		646639821C586D9E00FA55F0 /* HuanXinDemoTests.xctest */ = {isa = PBXFileReference; explicitFileType = wrapper.cfbundle; includeInIndex = 0; path = HuanXinDemoTests.xctest; sourceTree = BUILT_PRODUCTS_DIR; };
		646639861C586D9E00FA55F0 /* HuanXinDemoTests.m */ = {isa = PBXFileReference; lastKnownFileType = sourcecode.c.objc; path = HuanXinDemoTests.m; sourceTree = "<group>"; };
		646639881C586D9E00FA55F0 /* Info.plist */ = {isa = PBXFileReference; lastKnownFileType = text.plist.xml; path = Info.plist; sourceTree = "<group>"; };
		6466398D1C586D9E00FA55F0 /* HuanXinDemoUITests.xctest */ = {isa = PBXFileReference; explicitFileType = wrapper.cfbundle; includeInIndex = 0; path = HuanXinDemoUITests.xctest; sourceTree = BUILT_PRODUCTS_DIR; };
		646639911C586D9E00FA55F0 /* HuanXinDemoUITests.m */ = {isa = PBXFileReference; lastKnownFileType = sourcecode.c.objc; path = HuanXinDemoUITests.m; sourceTree = "<group>"; };
		646639931C586D9E00FA55F0 /* Info.plist */ = {isa = PBXFileReference; lastKnownFileType = text.plist.xml; path = Info.plist; sourceTree = "<group>"; };
		6467FDCB1C7595A400F78A79 /* MyChatViewController.h */ = {isa = PBXFileReference; fileEncoding = 4; lastKnownFileType = sourcecode.c.h; path = MyChatViewController.h; sourceTree = "<group>"; };
		6467FDCC1C7595A400F78A79 /* MyChatViewController.m */ = {isa = PBXFileReference; fileEncoding = 4; lastKnownFileType = sourcecode.c.objc; path = MyChatViewController.m; sourceTree = "<group>"; };
		6467FDCD1C7595A400F78A79 /* MyChatViewController.xib */ = {isa = PBXFileReference; fileEncoding = 4; lastKnownFileType = file.xib; path = MyChatViewController.xib; sourceTree = "<group>"; };
		6467FDD01C75B8B800F78A79 /* MyTableView.h */ = {isa = PBXFileReference; fileEncoding = 4; lastKnownFileType = sourcecode.c.h; path = MyTableView.h; sourceTree = "<group>"; };
		6467FDD11C75B8B800F78A79 /* MyTableView.m */ = {isa = PBXFileReference; fileEncoding = 4; lastKnownFileType = sourcecode.c.objc; path = MyTableView.m; sourceTree = "<group>"; };
		64DC9ACD1C5C5E7E0014FDD6 /* NavigationController.h */ = {isa = PBXFileReference; fileEncoding = 4; lastKnownFileType = sourcecode.c.h; path = NavigationController.h; sourceTree = "<group>"; };
		64DC9ACE1C5C5E7E0014FDD6 /* NavigationController.m */ = {isa = PBXFileReference; fileEncoding = 4; lastKnownFileType = sourcecode.c.objc; path = NavigationController.m; sourceTree = "<group>"; };
		7E5780CABF77C9337A9917A2 /* libPods.a */ = {isa = PBXFileReference; explicitFileType = archive.ar; includeInIndex = 0; path = libPods.a; sourceTree = BUILT_PRODUCTS_DIR; };
		AC1F32B06F5D49EF164510ED /* Pods.release.xcconfig */ = {isa = PBXFileReference; includeInIndex = 1; lastKnownFileType = text.xcconfig; name = Pods.release.xcconfig; path = "Pods/Target Support Files/Pods/Pods.release.xcconfig"; sourceTree = "<group>"; };
/* End PBXFileReference section */

/* Begin PBXFrameworksBuildPhase section */
		646639661C586D9E00FA55F0 /* Frameworks */ = {
			isa = PBXFrameworksBuildPhase;
			buildActionMask = 2147483647;
			files = (
				644EF9941C587580007A64EE /* CFNetwork.framework in Frameworks */,
				644EF9921C587574007A64EE /* MobileCoreServices.framework in Frameworks */,
				DE7D2D087FDD2A0BDFE8903F /* libPods.a in Frameworks */,
			);
			runOnlyForDeploymentPostprocessing = 0;
		};
		6466397F1C586D9E00FA55F0 /* Frameworks */ = {
			isa = PBXFrameworksBuildPhase;
			buildActionMask = 2147483647;
			files = (
			);
			runOnlyForDeploymentPostprocessing = 0;
		};
		6466398A1C586D9E00FA55F0 /* Frameworks */ = {
			isa = PBXFrameworksBuildPhase;
			buildActionMask = 2147483647;
			files = (
			);
			runOnlyForDeploymentPostprocessing = 0;
		};
/* End PBXFrameworksBuildPhase section */

/* Begin PBXGroup section */
		64116AFC1C58BFBD0073228E /* Cell */ = {
			isa = PBXGroup;
			children = (
				64116AFD1C58C06D0073228E /* HXTextMessageCell.h */,
				64116AFE1C58C06D0073228E /* HXTextMessageCell.m */,
				64116AFF1C58C06D0073228E /* HXTextMessageCell.xib */,
				64116B021C58C0980073228E /* HXIconMessageCell.h */,
				64116B031C58C0980073228E /* HXIconMessageCell.m */,
				64116B041C58C0980073228E /* HXIconMessageCell.xib */,
				64116B071C58CECB0073228E /* NSDictionary+PGDic.h */,
				64116B081C58CECB0073228E /* NSDictionary+PGDic.m */,
				64116B0A1C58DADE0073228E /* HXTextMessageCell2.h */,
				64116B0B1C58DADE0073228E /* HXTextMessageCell2.m */,
				64116B0C1C58DADE0073228E /* HXTextMessageCell2.xib */,
			);
			name = Cell;
			sourceTree = "<group>";
		};
		646639601C586D9E00FA55F0 = {
			isa = PBXGroup;
			children = (
				6466396B1C586D9E00FA55F0 /* HuanXinDemo */,
				646639851C586D9E00FA55F0 /* HuanXinDemoTests */,
				646639901C586D9E00FA55F0 /* HuanXinDemoUITests */,
				6466396A1C586D9E00FA55F0 /* Products */,
				9CDD6B25E0B12D4B96CAB791 /* Pods */,
				B2884EA06A0385001349589B /* Frameworks */,
			);
			sourceTree = "<group>";
		};
		6466396A1C586D9E00FA55F0 /* Products */ = {
			isa = PBXGroup;
			children = (
				646639691C586D9E00FA55F0 /* HuanXinDemo.app */,
				646639821C586D9E00FA55F0 /* HuanXinDemoTests.xctest */,
				6466398D1C586D9E00FA55F0 /* HuanXinDemoUITests.xctest */,
			);
			name = Products;
			sourceTree = "<group>";
		};
		6466396B1C586D9E00FA55F0 /* HuanXinDemo */ = {
			isa = PBXGroup;
			children = (
				64116AFC1C58BFBD0073228E /* Cell */,
				6466396F1C586D9E00FA55F0 /* AppDelegate.h */,
				646639701C586D9E00FA55F0 /* AppDelegate.m */,
				646639721C586D9E00FA55F0 /* ViewController.h */,
				646639731C586D9E00FA55F0 /* ViewController.m */,
				646639751C586D9E00FA55F0 /* Main.storyboard */,
				646639781C586D9E00FA55F0 /* Assets.xcassets */,
				6466397A1C586D9E00FA55F0 /* LaunchScreen.storyboard */,
				6466397D1C586D9E00FA55F0 /* Info.plist */,
				6466396C1C586D9E00FA55F0 /* Supporting Files */,
				6467FDCB1C7595A400F78A79 /* MyChatViewController.h */,
				6467FDCC1C7595A400F78A79 /* MyChatViewController.m */,
				6467FDCD1C7595A400F78A79 /* MyChatViewController.xib */,
				6467FDD01C75B8B800F78A79 /* MyTableView.h */,
				6467FDD11C75B8B800F78A79 /* MyTableView.m */,
			);
			path = HuanXinDemo;
			sourceTree = "<group>";
		};
		6466396C1C586D9E00FA55F0 /* Supporting Files */ = {
			isa = PBXGroup;
			children = (
				64DC9ACD1C5C5E7E0014FDD6 /* NavigationController.h */,
				64DC9ACE1C5C5E7E0014FDD6 /* NavigationController.m */,
				6466396D1C586D9E00FA55F0 /* main.m */,
			);
			name = "Supporting Files";
			sourceTree = "<group>";
		};
		646639851C586D9E00FA55F0 /* HuanXinDemoTests */ = {
			isa = PBXGroup;
			children = (
				646639861C586D9E00FA55F0 /* HuanXinDemoTests.m */,
				646639881C586D9E00FA55F0 /* Info.plist */,
			);
			path = HuanXinDemoTests;
			sourceTree = "<group>";
		};
		646639901C586D9E00FA55F0 /* HuanXinDemoUITests */ = {
			isa = PBXGroup;
			children = (
				646639911C586D9E00FA55F0 /* HuanXinDemoUITests.m */,
				646639931C586D9E00FA55F0 /* Info.plist */,
			);
			path = HuanXinDemoUITests;
			sourceTree = "<group>";
		};
		9CDD6B25E0B12D4B96CAB791 /* Pods */ = {
			isa = PBXGroup;
			children = (
				36A5E8A8114E9FC031FAA621 /* Pods.debug.xcconfig */,
				AC1F32B06F5D49EF164510ED /* Pods.release.xcconfig */,
			);
			name = Pods;
			sourceTree = "<group>";
		};
		B2884EA06A0385001349589B /* Frameworks */ = {
			isa = PBXGroup;
			children = (
				644EF9931C587580007A64EE /* CFNetwork.framework */,
				644EF9911C587574007A64EE /* MobileCoreServices.framework */,
				7E5780CABF77C9337A9917A2 /* libPods.a */,
			);
			name = Frameworks;
			sourceTree = "<group>";
		};
/* End PBXGroup section */

/* Begin PBXNativeTarget section */
		646639681C586D9E00FA55F0 /* HuanXinDemo */ = {
			isa = PBXNativeTarget;
			buildConfigurationList = 646639961C586D9E00FA55F0 /* Build configuration list for PBXNativeTarget "HuanXinDemo" */;
			buildPhases = (
				AB562C3CEF0D48F2B61D6969 /* Check Pods Manifest.lock */,
				646639651C586D9E00FA55F0 /* Sources */,
				646639661C586D9E00FA55F0 /* Frameworks */,
				646639671C586D9E00FA55F0 /* Resources */,
				C20A65F751BBDDC870C4D7B7 /* Embed Pods Frameworks */,
				6ACAB5E5F627581F436294FA /* Copy Pods Resources */,
			);
			buildRules = (
			);
			dependencies = (
			);
			name = HuanXinDemo;
			productName = HuanXinDemo;
			productReference = 646639691C586D9E00FA55F0 /* HuanXinDemo.app */;
			productType = "com.apple.product-type.application";
		};
		646639811C586D9E00FA55F0 /* HuanXinDemoTests */ = {
			isa = PBXNativeTarget;
			buildConfigurationList = 646639991C586D9E00FA55F0 /* Build configuration list for PBXNativeTarget "HuanXinDemoTests" */;
			buildPhases = (
				6466397E1C586D9E00FA55F0 /* Sources */,
				6466397F1C586D9E00FA55F0 /* Frameworks */,
				646639801C586D9E00FA55F0 /* Resources */,
			);
			buildRules = (
			);
			dependencies = (
				646639841C586D9E00FA55F0 /* PBXTargetDependency */,
			);
			name = HuanXinDemoTests;
			productName = HuanXinDemoTests;
			productReference = 646639821C586D9E00FA55F0 /* HuanXinDemoTests.xctest */;
			productType = "com.apple.product-type.bundle.unit-test";
		};
		6466398C1C586D9E00FA55F0 /* HuanXinDemoUITests */ = {
			isa = PBXNativeTarget;
			buildConfigurationList = 6466399C1C586D9E00FA55F0 /* Build configuration list for PBXNativeTarget "HuanXinDemoUITests" */;
			buildPhases = (
				646639891C586D9E00FA55F0 /* Sources */,
				6466398A1C586D9E00FA55F0 /* Frameworks */,
				6466398B1C586D9E00FA55F0 /* Resources */,
			);
			buildRules = (
			);
			dependencies = (
				6466398F1C586D9E00FA55F0 /* PBXTargetDependency */,
			);
			name = HuanXinDemoUITests;
			productName = HuanXinDemoUITests;
			productReference = 6466398D1C586D9E00FA55F0 /* HuanXinDemoUITests.xctest */;
			productType = "com.apple.product-type.bundle.ui-testing";
		};
/* End PBXNativeTarget section */

/* Begin PBXProject section */
		646639611C586D9E00FA55F0 /* Project object */ = {
			isa = PBXProject;
			attributes = {
				LastUpgradeCheck = 0720;
				ORGANIZATIONNAME = "印度阿三";
				TargetAttributes = {
					646639681C586D9E00FA55F0 = {
						CreatedOnToolsVersion = 7.2;
					};
					646639811C586D9E00FA55F0 = {
						CreatedOnToolsVersion = 7.2;
						TestTargetID = 646639681C586D9E00FA55F0;
					};
					6466398C1C586D9E00FA55F0 = {
						CreatedOnToolsVersion = 7.2;
						TestTargetID = 646639681C586D9E00FA55F0;
					};
				};
			};
			buildConfigurationList = 646639641C586D9E00FA55F0 /* Build configuration list for PBXProject "HuanXinDemo" */;
			compatibilityVersion = "Xcode 3.2";
			developmentRegion = English;
			hasScannedForEncodings = 0;
			knownRegions = (
				en,
				Base,
			);
			mainGroup = 646639601C586D9E00FA55F0;
			productRefGroup = 6466396A1C586D9E00FA55F0 /* Products */;
			projectDirPath = "";
			projectRoot = "";
			targets = (
				646639681C586D9E00FA55F0 /* HuanXinDemo */,
				646639811C586D9E00FA55F0 /* HuanXinDemoTests */,
				6466398C1C586D9E00FA55F0 /* HuanXinDemoUITests */,
			);
		};
/* End PBXProject section */

/* Begin PBXResourcesBuildPhase section */
		646639671C586D9E00FA55F0 /* Resources */ = {
			isa = PBXResourcesBuildPhase;
			buildActionMask = 2147483647;
			files = (
				64116B011C58C06D0073228E /* HXTextMessageCell.xib in Resources */,
				6467FDCF1C7595A400F78A79 /* MyChatViewController.xib in Resources */,
				6466397C1C586D9E00FA55F0 /* LaunchScreen.storyboard in Resources */,
				646639791C586D9E00FA55F0 /* Assets.xcassets in Resources */,
				64116B061C58C0980073228E /* HXIconMessageCell.xib in Resources */,
				646639771C586D9E00FA55F0 /* Main.storyboard in Resources */,
				64116B0E1C58DADE0073228E /* HXTextMessageCell2.xib in Resources */,
			);
			runOnlyForDeploymentPostprocessing = 0;
		};
		646639801C586D9E00FA55F0 /* Resources */ = {
			isa = PBXResourcesBuildPhase;
			buildActionMask = 2147483647;
			files = (
			);
			runOnlyForDeploymentPostprocessing = 0;
		};
		6466398B1C586D9E00FA55F0 /* Resources */ = {
			isa = PBXResourcesBuildPhase;
			buildActionMask = 2147483647;
			files = (
			);
			runOnlyForDeploymentPostprocessing = 0;
		};
/* End PBXResourcesBuildPhase section */

/* Begin PBXShellScriptBuildPhase section */
		6ACAB5E5F627581F436294FA /* Copy Pods Resources */ = {
			isa = PBXShellScriptBuildPhase;
			buildActionMask = 2147483647;
			files = (
			);
			inputPaths = (
			);
			name = "Copy Pods Resources";
			outputPaths = (
			);
			runOnlyForDeploymentPostprocessing = 0;
			shellPath = /bin/sh;
			shellScript = "\"${SRCROOT}/Pods/Target Support Files/Pods/Pods-resources.sh\"\n";
			showEnvVarsInLog = 0;
		};
		AB562C3CEF0D48F2B61D6969 /* Check Pods Manifest.lock */ = {
			isa = PBXShellScriptBuildPhase;
			buildActionMask = 2147483647;
			files = (
			);
			inputPaths = (
			);
			name = "Check Pods Manifest.lock";
			outputPaths = (
			);
			runOnlyForDeploymentPostprocessing = 0;
			shellPath = /bin/sh;
			shellScript = "diff \"${PODS_ROOT}/../Podfile.lock\" \"${PODS_ROOT}/Manifest.lock\" > /dev/null\nif [[ $? != 0 ]] ; then\n    cat << EOM\nerror: The sandbox is not in sync with the Podfile.lock. Run 'pod install' or update your CocoaPods installation.\nEOM\n    exit 1\nfi\n";
			showEnvVarsInLog = 0;
		};
		C20A65F751BBDDC870C4D7B7 /* Embed Pods Frameworks */ = {
			isa = PBXShellScriptBuildPhase;
			buildActionMask = 2147483647;
			files = (
			);
			inputPaths = (
			);
			name = "Embed Pods Frameworks";
			outputPaths = (
			);
			runOnlyForDeploymentPostprocessing = 0;
			shellPath = /bin/sh;
			shellScript = "\"${SRCROOT}/Pods/Target Support Files/Pods/Pods-frameworks.sh\"\n";
			showEnvVarsInLog = 0;
		};
/* End PBXShellScriptBuildPhase section */

/* Begin PBXSourcesBuildPhase section */
		646639651C586D9E00FA55F0 /* Sources */ = {
			isa = PBXSourcesBuildPhase;
			buildActionMask = 2147483647;
			files = (
				64116B051C58C0980073228E /* HXIconMessageCell.m in Sources */,
				646639741C586D9E00FA55F0 /* ViewController.m in Sources */,
				646639711C586D9E00FA55F0 /* AppDelegate.m in Sources */,
				6467FDD21C75B8B800F78A79 /* MyTableView.m in Sources */,
				64DC9ACF1C5C5E7E0014FDD6 /* NavigationController.m in Sources */,
				64116B0D1C58DADE0073228E /* HXTextMessageCell2.m in Sources */,
				6467FDCE1C7595A400F78A79 /* MyChatViewController.m in Sources */,
				64116B091C58CECB0073228E /* NSDictionary+PGDic.m in Sources */,
				6466396E1C586D9E00FA55F0 /* main.m in Sources */,
				64116B001C58C06D0073228E /* HXTextMessageCell.m in Sources */,
			);
			runOnlyForDeploymentPostprocessing = 0;
		};
		6466397E1C586D9E00FA55F0 /* Sources */ = {
			isa = PBXSourcesBuildPhase;
			buildActionMask = 2147483647;
			files = (
				646639871C586D9E00FA55F0 /* HuanXinDemoTests.m in Sources */,
			);
			runOnlyForDeploymentPostprocessing = 0;
		};
		646639891C586D9E00FA55F0 /* Sources */ = {
			isa = PBXSourcesBuildPhase;
			buildActionMask = 2147483647;
			files = (
				646639921C586D9E00FA55F0 /* HuanXinDemoUITests.m in Sources */,
			);
			runOnlyForDeploymentPostprocessing = 0;
		};
/* End PBXSourcesBuildPhase section */

/* Begin PBXTargetDependency section */
		646639841C586D9E00FA55F0 /* PBXTargetDependency */ = {
			isa = PBXTargetDependency;
			target = 646639681C586D9E00FA55F0 /* HuanXinDemo */;
			targetProxy = 646639831C586D9E00FA55F0 /* PBXContainerItemProxy */;
		};
		6466398F1C586D9E00FA55F0 /* PBXTargetDependency */ = {
			isa = PBXTargetDependency;
			target = 646639681C586D9E00FA55F0 /* HuanXinDemo */;
			targetProxy = 6466398E1C586D9E00FA55F0 /* PBXContainerItemProxy */;
		};
/* End PBXTargetDependency section */

/* Begin PBXVariantGroup section */
		646639751C586D9E00FA55F0 /* Main.storyboard */ = {
			isa = PBXVariantGroup;
			children = (
				646639761C586D9E00FA55F0 /* Base */,
			);
			name = Main.storyboard;
			sourceTree = "<group>";
		};
		6466397A1C586D9E00FA55F0 /* LaunchScreen.storyboard */ = {
			isa = PBXVariantGroup;
			children = (
				6466397B1C586D9E00FA55F0 /* Base */,
			);
			name = LaunchScreen.storyboard;
			sourceTree = "<group>";
		};
/* End PBXVariantGroup section */

/* Begin XCBuildConfiguration section */
		646639941C586D9E00FA55F0 /* Debug */ = {
			isa = XCBuildConfiguration;
			buildSettings = {
				ALWAYS_SEARCH_USER_PATHS = NO;
				CLANG_CXX_LANGUAGE_STANDARD = "gnu++0x";
				CLANG_CXX_LIBRARY = "libc++";
				CLANG_ENABLE_MODULES = YES;
				CLANG_ENABLE_OBJC_ARC = YES;
				CLANG_WARN_BOOL_CONVERSION = YES;
				CLANG_WARN_CONSTANT_CONVERSION = YES;
				CLANG_WARN_DIRECT_OBJC_ISA_USAGE = YES_ERROR;
				CLANG_WARN_EMPTY_BODY = YES;
				CLANG_WARN_ENUM_CONVERSION = YES;
				CLANG_WARN_INT_CONVERSION = YES;
				CLANG_WARN_OBJC_ROOT_CLASS = YES_ERROR;
				CLANG_WARN_UNREACHABLE_CODE = YES;
				CLANG_WARN__DUPLICATE_METHOD_MATCH = YES;
				"CODE_SIGN_IDENTITY[sdk=iphoneos*]" = "iPhone Developer";
				COPY_PHASE_STRIP = NO;
				DEBUG_INFORMATION_FORMAT = dwarf;
				ENABLE_BITCODE = NO;
				ENABLE_STRICT_OBJC_MSGSEND = YES;
				ENABLE_TESTABILITY = YES;
				GCC_C_LANGUAGE_STANDARD = gnu99;
				GCC_DYNAMIC_NO_PIC = NO;
				GCC_NO_COMMON_BLOCKS = YES;
				GCC_OPTIMIZATION_LEVEL = 0;
				GCC_PREPROCESSOR_DEFINITIONS = (
					"DEBUG=1",
					"$(inherited)",
				);
				GCC_WARN_64_TO_32_BIT_CONVERSION = YES;
				GCC_WARN_ABOUT_RETURN_TYPE = YES_ERROR;
				GCC_WARN_UNDECLARED_SELECTOR = YES;
				GCC_WARN_UNINITIALIZED_AUTOS = YES_AGGRESSIVE;
				GCC_WARN_UNUSED_FUNCTION = YES;
				GCC_WARN_UNUSED_VARIABLE = YES;
				IPHONEOS_DEPLOYMENT_TARGET = 9.2;
				MTL_ENABLE_DEBUG_INFO = YES;
				ONLY_ACTIVE_ARCH = YES;
				SDKROOT = iphoneos;
				TARGETED_DEVICE_FAMILY = "1,2";
			};
			name = Debug;
		};
		646639951C586D9E00FA55F0 /* Release */ = {
			isa = XCBuildConfiguration;
			buildSettings = {
				ALWAYS_SEARCH_USER_PATHS = NO;
				CLANG_CXX_LANGUAGE_STANDARD = "gnu++0x";
				CLANG_CXX_LIBRARY = "libc++";
				CLANG_ENABLE_MODULES = YES;
				CLANG_ENABLE_OBJC_ARC = YES;
				CLANG_WARN_BOOL_CONVERSION = YES;
				CLANG_WARN_CONSTANT_CONVERSION = YES;
				CLANG_WARN_DIRECT_OBJC_ISA_USAGE = YES_ERROR;
				CLANG_WARN_EMPTY_BODY = YES;
				CLANG_WARN_ENUM_CONVERSION = YES;
				CLANG_WARN_INT_CONVERSION = YES;
				CLANG_WARN_OBJC_ROOT_CLASS = YES_ERROR;
				CLANG_WARN_UNREACHABLE_CODE = YES;
				CLANG_WARN__DUPLICATE_METHOD_MATCH = YES;
				"CODE_SIGN_IDENTITY[sdk=iphoneos*]" = "iPhone Developer";
				COPY_PHASE_STRIP = NO;
				DEBUG_INFORMATION_FORMAT = "dwarf-with-dsym";
				ENABLE_BITCODE = NO;
				ENABLE_NS_ASSERTIONS = NO;
				ENABLE_STRICT_OBJC_MSGSEND = YES;
				GCC_C_LANGUAGE_STANDARD = gnu99;
				GCC_NO_COMMON_BLOCKS = YES;
				GCC_WARN_64_TO_32_BIT_CONVERSION = YES;
				GCC_WARN_ABOUT_RETURN_TYPE = YES_ERROR;
				GCC_WARN_UNDECLARED_SELECTOR = YES;
				GCC_WARN_UNINITIALIZED_AUTOS = YES_AGGRESSIVE;
				GCC_WARN_UNUSED_FUNCTION = YES;
				GCC_WARN_UNUSED_VARIABLE = YES;
				IPHONEOS_DEPLOYMENT_TARGET = 9.2;
				MTL_ENABLE_DEBUG_INFO = NO;
				SDKROOT = iphoneos;
				TARGETED_DEVICE_FAMILY = "1,2";
				VALIDATE_PRODUCT = YES;
			};
			name = Release;
		};
		646639971C586D9E00FA55F0 /* Debug */ = {
			isa = XCBuildConfiguration;
			baseConfigurationReference = 36A5E8A8114E9FC031FAA621 /* Pods.debug.xcconfig */;
			buildSettings = {
				ASSETCATALOG_COMPILER_APPICON_NAME = AppIcon;
				INFOPLIST_FILE = HuanXinDemo/Info.plist;
				IPHONEOS_DEPLOYMENT_TARGET = 9.2;
				LD_RUNPATH_SEARCH_PATHS = "$(inherited) @executable_path/Frameworks";
				LIBRARY_SEARCH_PATHS = (
					"$(inherited)",
					"$(PROJECT_DIR)",
				);
				OTHER_LDFLAGS = (
					"$(inherited)",
					"-l\"EaseMobClientSDK_arm64\"",
					"-l\"EaseMobClientSDK_armv7\"",
					"-l\"EaseMobClientSDK_armv7s\"",
					"-l\"EaseMobClientSDK_i386\"",
					"-l\"EaseMobClientSDK_x86_64\"",
					"-l\"iconv\"",
					"-l\"resolv\"",
					"-l\"sqlite3\"",
					"-l\"stdc++\"",
					"-l\"stdc++.6\"",
					"-l\"stdc++.6.0.9\"",
					"-l\"xml2\"",
					"-l\"z\"",
					"-framework",
					"\"AVFoundation\"",
				);
				PRODUCT_BUNDLE_IDENTIFIER = haixianfglicai.HuanXinDemo;
				PRODUCT_NAME = "$(TARGET_NAME)";
			};
			name = Debug;
		};
		646639981C586D9E00FA55F0 /* Release */ = {
			isa = XCBuildConfiguration;
			baseConfigurationReference = AC1F32B06F5D49EF164510ED /* Pods.release.xcconfig */;
			buildSettings = {
				ASSETCATALOG_COMPILER_APPICON_NAME = AppIcon;
				INFOPLIST_FILE = HuanXinDemo/Info.plist;
				IPHONEOS_DEPLOYMENT_TARGET = 9.2;
				LD_RUNPATH_SEARCH_PATHS = "$(inherited) @executable_path/Frameworks";
				LIBRARY_SEARCH_PATHS = (
					"$(inherited)",
					"$(PROJECT_DIR)",
				);
				OTHER_LDFLAGS = (
					"$(inherited)",
					"-l\"EaseMobClientSDK_arm64\"",
					"-l\"EaseMobClientSDK_armv7\"",
					"-l\"EaseMobClientSDK_armv7s\"",
					"-l\"EaseMobClientSDK_i386\"",
					"-l\"EaseMobClientSDK_x86_64\"",
					"-l\"iconv\"",
					"-l\"resolv\"",
					"-l\"sqlite3\"",
					"-l\"stdc++\"",
					"-l\"stdc++.6\"",
					"-l\"stdc++.6.0.9\"",
					"-l\"xml2\"",
					"-l\"z\"",
					"-framework",
					"\"AVFoundation\"",
				);
				PRODUCT_BUNDLE_IDENTIFIER = haixianfglicai.HuanXinDemo;
				PRODUCT_NAME = "$(TARGET_NAME)";
			};
			name = Release;
		};
		6466399A1C586D9E00FA55F0 /* Debug */ = {
			isa = XCBuildConfiguration;
			buildSettings = {
				BUNDLE_LOADER = "$(TEST_HOST)";
				INFOPLIST_FILE = HuanXinDemoTests/Info.plist;
				LD_RUNPATH_SEARCH_PATHS = "$(inherited) @executable_path/Frameworks @loader_path/Frameworks";
				PRODUCT_BUNDLE_IDENTIFIER = haixianfglicai.HuanXinDemoTests;
				PRODUCT_NAME = "$(TARGET_NAME)";
				TEST_HOST = "$(BUILT_PRODUCTS_DIR)/HuanXinDemo.app/HuanXinDemo";
			};
			name = Debug;
		};
		6466399B1C586D9E00FA55F0 /* Release */ = {
			isa = XCBuildConfiguration;
			buildSettings = {
				BUNDLE_LOADER = "$(TEST_HOST)";
				INFOPLIST_FILE = HuanXinDemoTests/Info.plist;
				LD_RUNPATH_SEARCH_PATHS = "$(inherited) @executable_path/Frameworks @loader_path/Frameworks";
				PRODUCT_BUNDLE_IDENTIFIER = haixianfglicai.HuanXinDemoTests;
				PRODUCT_NAME = "$(TARGET_NAME)";
				TEST_HOST = "$(BUILT_PRODUCTS_DIR)/HuanXinDemo.app/HuanXinDemo";
			};
			name = Release;
		};
		6466399D1C586D9E00FA55F0 /* Debug */ = {
			isa = XCBuildConfiguration;
			buildSettings = {
				INFOPLIST_FILE = HuanXinDemoUITests/Info.plist;
				LD_RUNPATH_SEARCH_PATHS = "$(inherited) @executable_path/Frameworks @loader_path/Frameworks";
				PRODUCT_BUNDLE_IDENTIFIER = haixianfglicai.HuanXinDemoUITests;
				PRODUCT_NAME = "$(TARGET_NAME)";
				TEST_TARGET_NAME = HuanXinDemo;
				USES_XCTRUNNER = YES;
			};
			name = Debug;
		};
		6466399E1C586D9E00FA55F0 /* Release */ = {
			isa = XCBuildConfiguration;
			buildSettings = {
				INFOPLIST_FILE = HuanXinDemoUITests/Info.plist;
				LD_RUNPATH_SEARCH_PATHS = "$(inherited) @executable_path/Frameworks @loader_path/Frameworks";
				PRODUCT_BUNDLE_IDENTIFIER = haixianfglicai.HuanXinDemoUITests;
				PRODUCT_NAME = "$(TARGET_NAME)";
				TEST_TARGET_NAME = HuanXinDemo;
				USES_XCTRUNNER = YES;
			};
			name = Release;
		};
/* End XCBuildConfiguration section */

/* Begin XCConfigurationList section */
		646639641C586D9E00FA55F0 /* Build configuration list for PBXProject "HuanXinDemo" */ = {
			isa = XCConfigurationList;
			buildConfigurations = (
				646639941C586D9E00FA55F0 /* Debug */,
				646639951C586D9E00FA55F0 /* Release */,
			);
			defaultConfigurationIsVisible = 0;
			defaultConfigurationName = Release;
		};
		646639961C586D9E00FA55F0 /* Build configuration list for PBXNativeTarget "HuanXinDemo" */ = {
			isa = XCConfigurationList;
			buildConfigurations = (
				646639971C586D9E00FA55F0 /* Debug */,
				646639981C586D9E00FA55F0 /* Release */,
			);
			defaultConfigurationIsVisible = 0;
			defaultConfigurationName = Release;
		};
		646639991C586D9E00FA55F0 /* Build configuration list for PBXNativeTarget "HuanXinDemoTests" */ = {
			isa = XCConfigurationList;
			buildConfigurations = (
				6466399A1C586D9E00FA55F0 /* Debug */,
				6466399B1C586D9E00FA55F0 /* Release */,
			);
			defaultConfigurationIsVisible = 0;
			defaultConfigurationName = Release;
		};
		6466399C1C586D9E00FA55F0 /* Build configuration list for PBXNativeTarget "HuanXinDemoUITests" */ = {
			isa = XCConfigurationList;
			buildConfigurations = (
				6466399D1C586D9E00FA55F0 /* Debug */,
				6466399E1C586D9E00FA55F0 /* Release */,
			);
			defaultConfigurationIsVisible = 0;
			defaultConfigurationName = Release;
		};
/* End XCConfigurationList section */
	};
	rootObject = 646639611C586D9E00FA55F0 /* Project object */;
}
